// !$*UTF8*$!
{
	archiveVersion = 1;
	classes = {
	};
	objectVersion = 50;
	objects = {

/* Begin PBXBuildFile section */
		42BE25D623F2E7FF0039A704 /* AppDelegate.swift in Sources */ = {isa = PBXBuildFile; fileRef = 42BE25D523F2E7FF0039A704 /* AppDelegate.swift */; };
		42BE25D823F2E7FF0039A704 /* SceneDelegate.swift in Sources */ = {isa = PBXBuildFile; fileRef = 42BE25D723F2E7FF0039A704 /* SceneDelegate.swift */; };
		42BE25DA23F2E7FF0039A704 /* ContentView.swift in Sources */ = {isa = PBXBuildFile; fileRef = 42BE25D923F2E7FF0039A704 /* ContentView.swift */; };
		42BE25DC23F2E8030039A704 /* Assets.xcassets in Resources */ = {isa = PBXBuildFile; fileRef = 42BE25DB23F2E8030039A704 /* Assets.xcassets */; };
		42BE25DF23F2E8030039A704 /* Preview Assets.xcassets in Resources */ = {isa = PBXBuildFile; fileRef = 42BE25DE23F2E8030039A704 /* Preview Assets.xcassets */; };
		42BE25E223F2E8030039A704 /* LaunchScreen.storyboard in Resources */ = {isa = PBXBuildFile; fileRef = 42BE25E023F2E8030039A704 /* LaunchScreen.storyboard */; };
		42BE25ED23F2E8030039A704 /* SwiftUITriviaTests.swift in Sources */ = {isa = PBXBuildFile; fileRef = 42BE25EC23F2E8030039A704 /* SwiftUITriviaTests.swift */; };
		42BE25F823F2E8030039A704 /* SwiftUITriviaUITests.swift in Sources */ = {isa = PBXBuildFile; fileRef = 42BE25F723F2E8030039A704 /* SwiftUITriviaUITests.swift */; };
/* End PBXBuildFile section */

/* Begin PBXContainerItemProxy section */
		42BE25E923F2E8030039A704 /* PBXContainerItemProxy */ = {
			isa = PBXContainerItemProxy;
			containerPortal = 42BE25CA23F2E7FF0039A704 /* Project object */;
			proxyType = 1;
			remoteGlobalIDString = 42BE25D123F2E7FF0039A704;
			remoteInfo = SwiftUITrivia;
		};
		42BE25F423F2E8030039A704 /* PBXContainerItemProxy */ = {
			isa = PBXContainerItemProxy;
			containerPortal = 42BE25CA23F2E7FF0039A704 /* Project object */;
			proxyType = 1;
			remoteGlobalIDString = 42BE25D123F2E7FF0039A704;
			remoteInfo = SwiftUITrivia;
		};
/* End PBXContainerItemProxy section */

/* Begin PBXFileReference section */
		42BE25D223F2E7FF0039A704 /* SwiftUITrivia.app */ = {isa = PBXFileReference; explicitFileType = wrapper.application; includeInIndex = 0; path = SwiftUITrivia.app; sourceTree = BUILT_PRODUCTS_DIR; };
		42BE25D523F2E7FF0039A704 /* AppDelegate.swift */ = {isa = PBXFileReference; lastKnownFileType = sourcecode.swift; path = AppDelegate.swift; sourceTree = "<group>"; };
		42BE25D723F2E7FF0039A704 /* SceneDelegate.swift */ = {isa = PBXFileReference; lastKnownFileType = sourcecode.swift; path = SceneDelegate.swift; sourceTree = "<group>"; };
		42BE25D923F2E7FF0039A704 /* ContentView.swift */ = {isa = PBXFileReference; lastKnownFileType = sourcecode.swift; path = ContentView.swift; sourceTree = "<group>"; };
		42BE25DB23F2E8030039A704 /* Assets.xcassets */ = {isa = PBXFileReference; lastKnownFileType = folder.assetcatalog; path = Assets.xcassets; sourceTree = "<group>"; };
		42BE25DE23F2E8030039A704 /* Preview Assets.xcassets */ = {isa = PBXFileReference; lastKnownFileType = folder.assetcatalog; path = "Preview Assets.xcassets"; sourceTree = "<group>"; };
		42BE25E123F2E8030039A704 /* Base */ = {isa = PBXFileReference; lastKnownFileType = file.storyboard; name = Base; path = Base.lproj/LaunchScreen.storyboard; sourceTree = "<group>"; };
		42BE25E323F2E8030039A704 /* Info.plist */ = {isa = PBXFileReference; lastKnownFileType = text.plist.xml; path = Info.plist; sourceTree = "<group>"; };
		42BE25E823F2E8030039A704 /* SwiftUITriviaTests.xctest */ = {isa = PBXFileReference; explicitFileType = wrapper.cfbundle; includeInIndex = 0; path = SwiftUITriviaTests.xctest; sourceTree = BUILT_PRODUCTS_DIR; };
		42BE25EC23F2E8030039A704 /* SwiftUITriviaTests.swift */ = {isa = PBXFileReference; lastKnownFileType = sourcecode.swift; path = SwiftUITriviaTests.swift; sourceTree = "<group>"; };
		42BE25EE23F2E8030039A704 /* Info.plist */ = {isa = PBXFileReference; lastKnownFileType = text.plist.xml; path = Info.plist; sourceTree = "<group>"; };
		42BE25F323F2E8030039A704 /* SwiftUITriviaUITests.xctest */ = {isa = PBXFileReference; explicitFileType = wrapper.cfbundle; includeInIndex = 0; path = SwiftUITriviaUITests.xctest; sourceTree = BUILT_PRODUCTS_DIR; };
		42BE25F723F2E8030039A704 /* SwiftUITriviaUITests.swift */ = {isa = PBXFileReference; lastKnownFileType = sourcecode.swift; path = SwiftUITriviaUITests.swift; sourceTree = "<group>"; };
		42BE25F923F2E8030039A704 /* Info.plist */ = {isa = PBXFileReference; lastKnownFileType = text.plist.xml; path = Info.plist; sourceTree = "<group>"; };
/* End PBXFileReference section */

/* Begin PBXFrameworksBuildPhase section */
		42BE25CF23F2E7FF0039A704 /* Frameworks */ = {
			isa = PBXFrameworksBuildPhase;
			buildActionMask = 2147483647;
			files = (
			);
			runOnlyForDeploymentPostprocessing = 0;
		};
		42BE25E523F2E8030039A704 /* Frameworks */ = {
			isa = PBXFrameworksBuildPhase;
			buildActionMask = 2147483647;
			files = (
			);
			runOnlyForDeploymentPostprocessing = 0;
		};
		42BE25F023F2E8030039A704 /* Frameworks */ = {
			isa = PBXFrameworksBuildPhase;
			buildActionMask = 2147483647;
			files = (
			);
			runOnlyForDeploymentPostprocessing = 0;
		};
/* End PBXFrameworksBuildPhase section */

/* Begin PBXGroup section */
		42BE25C923F2E7FF0039A704 = {
			isa = PBXGroup;
			children = (
				42BE25D423F2E7FF0039A704 /* SwiftUITrivia */,
				42BE25EB23F2E8030039A704 /* SwiftUITriviaTests */,
				42BE25F623F2E8030039A704 /* SwiftUITriviaUITests */,
				42BE25D323F2E7FF0039A704 /* Products */,
			);
			sourceTree = "<group>";
		};
		42BE25D323F2E7FF0039A704 /* Products */ = {
			isa = PBXGroup;
			children = (
				42BE25D223F2E7FF0039A704 /* SwiftUITrivia.app */,
				42BE25E823F2E8030039A704 /* SwiftUITriviaTests.xctest */,
				42BE25F323F2E8030039A704 /* SwiftUITriviaUITests.xctest */,
			);
			name = Products;
			sourceTree = "<group>";
		};
		42BE25D423F2E7FF0039A704 /* SwiftUITrivia */ = {
			isa = PBXGroup;
			children = (
				42BE25D523F2E7FF0039A704 /* AppDelegate.swift */,
				42BE25D723F2E7FF0039A704 /* SceneDelegate.swift */,
				42BE25D923F2E7FF0039A704 /* ContentView.swift */,
				42BE25DB23F2E8030039A704 /* Assets.xcassets */,
				42BE25E023F2E8030039A704 /* LaunchScreen.storyboard */,
				42BE25E323F2E8030039A704 /* Info.plist */,
				42BE25DD23F2E8030039A704 /* Preview Content */,
			);
			path = SwiftUITrivia;
			sourceTree = "<group>";
		};
		42BE25DD23F2E8030039A704 /* Preview Content */ = {
			isa = PBXGroup;
			children = (
				42BE25DE23F2E8030039A704 /* Preview Assets.xcassets */,
			);
			path = "Preview Content";
			sourceTree = "<group>";
		};
		42BE25EB23F2E8030039A704 /* SwiftUITriviaTests */ = {
			isa = PBXGroup;
			children = (
				42BE25EC23F2E8030039A704 /* SwiftUITriviaTests.swift */,
				42BE25EE23F2E8030039A704 /* Info.plist */,
			);
			path = SwiftUITriviaTests;
			sourceTree = "<group>";
		};
		42BE25F623F2E8030039A704 /* SwiftUITriviaUITests */ = {
			isa = PBXGroup;
			children = (
				42BE25F723F2E8030039A704 /* SwiftUITriviaUITests.swift */,
				42BE25F923F2E8030039A704 /* Info.plist */,
			);
			path = SwiftUITriviaUITests;
			sourceTree = "<group>";
		};
/* End PBXGroup section */

/* Begin PBXNativeTarget section */
		42BE25D123F2E7FF0039A704 /* SwiftUITrivia */ = {
			isa = PBXNativeTarget;
			buildConfigurationList = 42BE25FC23F2E8030039A704 /* Build configuration list for PBXNativeTarget "SwiftUITrivia" */;
			buildPhases = (
				42BE25CE23F2E7FF0039A704 /* Sources */,
				42BE25CF23F2E7FF0039A704 /* Frameworks */,
				42BE25D023F2E7FF0039A704 /* Resources */,
			);
			buildRules = (
			);
			dependencies = (
			);
			name = SwiftUITrivia;
			productName = SwiftUITrivia;
			productReference = 42BE25D223F2E7FF0039A704 /* SwiftUITrivia.app */;
			productType = "com.apple.product-type.application";
		};
		42BE25E723F2E8030039A704 /* SwiftUITriviaTests */ = {
			isa = PBXNativeTarget;
			buildConfigurationList = 42BE25FF23F2E8030039A704 /* Build configuration list for PBXNativeTarget "SwiftUITriviaTests" */;
			buildPhases = (
				42BE25E423F2E8030039A704 /* Sources */,
				42BE25E523F2E8030039A704 /* Frameworks */,
				42BE25E623F2E8030039A704 /* Resources */,
			);
			buildRules = (
			);
			dependencies = (
				42BE25EA23F2E8030039A704 /* PBXTargetDependency */,
			);
			name = SwiftUITriviaTests;
			productName = SwiftUITriviaTests;
			productReference = 42BE25E823F2E8030039A704 /* SwiftUITriviaTests.xctest */;
			productType = "com.apple.product-type.bundle.unit-test";
		};
		42BE25F223F2E8030039A704 /* SwiftUITriviaUITests */ = {
			isa = PBXNativeTarget;
			buildConfigurationList = 42BE260223F2E8030039A704 /* Build configuration list for PBXNativeTarget "SwiftUITriviaUITests" */;
			buildPhases = (
				42BE25EF23F2E8030039A704 /* Sources */,
				42BE25F023F2E8030039A704 /* Frameworks */,
				42BE25F123F2E8030039A704 /* Resources */,
			);
			buildRules = (
			);
			dependencies = (
				42BE25F523F2E8030039A704 /* PBXTargetDependency */,
			);
			name = SwiftUITriviaUITests;
			productName = SwiftUITriviaUITests;
			productReference = 42BE25F323F2E8030039A704 /* SwiftUITriviaUITests.xctest */;
			productType = "com.apple.product-type.bundle.ui-testing";
		};
/* End PBXNativeTarget section */

/* Begin PBXProject section */
		42BE25CA23F2E7FF0039A704 /* Project object */ = {
			isa = PBXProject;
			attributes = {
				LastSwiftUpdateCheck = 1130;
				LastUpgradeCheck = 1130;
				ORGANIZATIONNAME = "Ivan Ruiz Monjo";
				TargetAttributes = {
					42BE25D123F2E7FF0039A704 = {
						CreatedOnToolsVersion = 11.3.1;
					};
					42BE25E723F2E8030039A704 = {
						CreatedOnToolsVersion = 11.3.1;
						TestTargetID = 42BE25D123F2E7FF0039A704;
					};
					42BE25F223F2E8030039A704 = {
						CreatedOnToolsVersion = 11.3.1;
						TestTargetID = 42BE25D123F2E7FF0039A704;
					};
				};
			};
			buildConfigurationList = 42BE25CD23F2E7FF0039A704 /* Build configuration list for PBXProject "SwiftUITrivia" */;
			compatibilityVersion = "Xcode 9.3";
			developmentRegion = en;
			hasScannedForEncodings = 0;
			knownRegions = (
				en,
				Base,
			);
			mainGroup = 42BE25C923F2E7FF0039A704;
			productRefGroup = 42BE25D323F2E7FF0039A704 /* Products */;
			projectDirPath = "";
			projectRoot = "";
			targets = (
				42BE25D123F2E7FF0039A704 /* SwiftUITrivia */,
				42BE25E723F2E8030039A704 /* SwiftUITriviaTests */,
				42BE25F223F2E8030039A704 /* SwiftUITriviaUITests */,
			);
		};
/* End PBXProject section */

/* Begin PBXResourcesBuildPhase section */
		42BE25D023F2E7FF0039A704 /* Resources */ = {
			isa = PBXResourcesBuildPhase;
			buildActionMask = 2147483647;
			files = (
				42BE25E223F2E8030039A704 /* LaunchScreen.storyboard in Resources */,
				42BE25DF23F2E8030039A704 /* Preview Assets.xcassets in Resources */,
				42BE25DC23F2E8030039A704 /* Assets.xcassets in Resources */,
			);
			runOnlyForDeploymentPostprocessing = 0;
		};
		42BE25E623F2E8030039A704 /* Resources */ = {
			isa = PBXResourcesBuildPhase;
			buildActionMask = 2147483647;
			files = (
			);
			runOnlyForDeploymentPostprocessing = 0;
		};
		42BE25F123F2E8030039A704 /* Resources */ = {
			isa = PBXResourcesBuildPhase;
			buildActionMask = 2147483647;
			files = (
			);
			runOnlyForDeploymentPostprocessing = 0;
		};
/* End PBXResourcesBuildPhase section */

/* Begin PBXSourcesBuildPhase section */
		42BE25CE23F2E7FF0039A704 /* Sources */ = {
			isa = PBXSourcesBuildPhase;
			buildActionMask = 2147483647;
			files = (
				42BE25D623F2E7FF0039A704 /* AppDelegate.swift in Sources */,
				42BE25D823F2E7FF0039A704 /* SceneDelegate.swift in Sources */,
				42BE25DA23F2E7FF0039A704 /* ContentView.swift in Sources */,
			);
			runOnlyForDeploymentPostprocessing = 0;
		};
		42BE25E423F2E8030039A704 /* Sources */ = {
			isa = PBXSourcesBuildPhase;
			buildActionMask = 2147483647;
			files = (
				42BE25ED23F2E8030039A704 /* SwiftUITriviaTests.swift in Sources */,
			);
			runOnlyForDeploymentPostprocessing = 0;
		};
		42BE25EF23F2E8030039A704 /* Sources */ = {
			isa = PBXSourcesBuildPhase;
			buildActionMask = 2147483647;
			files = (
				42BE25F823F2E8030039A704 /* SwiftUITriviaUITests.swift in Sources */,
			);
			runOnlyForDeploymentPostprocessing = 0;
		};
/* End PBXSourcesBuildPhase section */

/* Begin PBXTargetDependency section */
		42BE25EA23F2E8030039A704 /* PBXTargetDependency */ = {
			isa = PBXTargetDependency;
			target = 42BE25D123F2E7FF0039A704 /* SwiftUITrivia */;
			targetProxy = 42BE25E923F2E8030039A704 /* PBXContainerItemProxy */;
		};
		42BE25F523F2E8030039A704 /* PBXTargetDependency */ = {
			isa = PBXTargetDependency;
			target = 42BE25D123F2E7FF0039A704 /* SwiftUITrivia */;
			targetProxy = 42BE25F423F2E8030039A704 /* PBXContainerItemProxy */;
		};
/* End PBXTargetDependency section */

/* Begin PBXVariantGroup section */
		42BE25E023F2E8030039A704 /* LaunchScreen.storyboard */ = {
			isa = PBXVariantGroup;
			children = (
				42BE25E123F2E8030039A704 /* Base */,
			);
			name = LaunchScreen.storyboard;
			sourceTree = "<group>";
		};
/* End PBXVariantGroup section */

/* Begin XCBuildConfiguration section */
		42BE25FA23F2E8030039A704 /* Debug */ = {
			isa = XCBuildConfiguration;
			buildSettings = {
				ALWAYS_SEARCH_USER_PATHS = NO;
				CLANG_ANALYZER_NONNULL = YES;
				CLANG_ANALYZER_NUMBER_OBJECT_CONVERSION = YES_AGGRESSIVE;
				CLANG_CXX_LANGUAGE_STANDARD = "gnu++14";
				CLANG_CXX_LIBRARY = "libc++";
				CLANG_ENABLE_MODULES = YES;
				CLANG_ENABLE_OBJC_ARC = YES;
				CLANG_ENABLE_OBJC_WEAK = YES;
				CLANG_WARN_BLOCK_CAPTURE_AUTORELEASING = YES;
				CLANG_WARN_BOOL_CONVERSION = YES;
				CLANG_WARN_COMMA = YES;
				CLANG_WARN_CONSTANT_CONVERSION = YES;
				CLANG_WARN_DEPRECATED_OBJC_IMPLEMENTATIONS = YES;
				CLANG_WARN_DIRECT_OBJC_ISA_USAGE = YES_ERROR;
				CLANG_WARN_DOCUMENTATION_COMMENTS = YES;
				CLANG_WARN_EMPTY_BODY = YES;
				CLANG_WARN_ENUM_CONVERSION = YES;
				CLANG_WARN_INFINITE_RECURSION = YES;
				CLANG_WARN_INT_CONVERSION = YES;
				CLANG_WARN_NON_LITERAL_NULL_CONVERSION = YES;
				CLANG_WARN_OBJC_IMPLICIT_RETAIN_SELF = YES;
				CLANG_WARN_OBJC_LITERAL_CONVERSION = YES;
				CLANG_WARN_OBJC_ROOT_CLASS = YES_ERROR;
				CLANG_WARN_RANGE_LOOP_ANALYSIS = YES;
				CLANG_WARN_STRICT_PROTOTYPES = YES;
				CLANG_WARN_SUSPICIOUS_MOVE = YES;
				CLANG_WARN_UNGUARDED_AVAILABILITY = YES_AGGRESSIVE;
				CLANG_WARN_UNREACHABLE_CODE = YES;
				CLANG_WARN__DUPLICATE_METHOD_MATCH = YES;
				COPY_PHASE_STRIP = NO;
				DEBUG_INFORMATION_FORMAT = dwarf;
				ENABLE_STRICT_OBJC_MSGSEND = YES;
				ENABLE_TESTABILITY = YES;
				GCC_C_LANGUAGE_STANDARD = gnu11;
				GCC_DYNAMIC_NO_PIC = NO;
				GCC_NO_COMMON_BLOCKS = YES;
				GCC_OPTIMIZATION_LEVEL = 0;
				GCC_PREPROCESSOR_DEFINITIONS = (
					"DEBUG=1",
					"$(inherited)",
				);
				GCC_WARN_64_TO_32_BIT_CONVERSION = YES;
				GCC_WARN_ABOUT_RETURN_TYPE = YES_ERROR;
				GCC_WARN_UNDECLARED_SELECTOR = YES;
				GCC_WARN_UNINITIALIZED_AUTOS = YES_AGGRESSIVE;
				GCC_WARN_UNUSED_FUNCTION = YES;
				GCC_WARN_UNUSED_VARIABLE = YES;
				IPHONEOS_DEPLOYMENT_TARGET = 13.2;
				MTL_ENABLE_DEBUG_INFO = INCLUDE_SOURCE;
				MTL_FAST_MATH = YES;
				ONLY_ACTIVE_ARCH = YES;
				SDKROOT = iphoneos;
				SWIFT_ACTIVE_COMPILATION_CONDITIONS = DEBUG;
				SWIFT_OPTIMIZATION_LEVEL = "-Onone";
			};
			name = Debug;
		};
		42BE25FB23F2E8030039A704 /* Release */ = {
			isa = XCBuildConfiguration;
			buildSettings = {
				ALWAYS_SEARCH_USER_PATHS = NO;
				CLANG_ANALYZER_NONNULL = YES;
				CLANG_ANALYZER_NUMBER_OBJECT_CONVERSION = YES_AGGRESSIVE;
				CLANG_CXX_LANGUAGE_STANDARD = "gnu++14";
				CLANG_CXX_LIBRARY = "libc++";
				CLANG_ENABLE_MODULES = YES;
				CLANG_ENABLE_OBJC_ARC = YES;
				CLANG_ENABLE_OBJC_WEAK = YES;
				CLANG_WARN_BLOCK_CAPTURE_AUTORELEASING = YES;
				CLANG_WARN_BOOL_CONVERSION = YES;
				CLANG_WARN_COMMA = YES;
				CLANG_WARN_CONSTANT_CONVERSION = YES;
				CLANG_WARN_DEPRECATED_OBJC_IMPLEMENTATIONS = YES;
				CLANG_WARN_DIRECT_OBJC_ISA_USAGE = YES_ERROR;
				CLANG_WARN_DOCUMENTATION_COMMENTS = YES;
				CLANG_WARN_EMPTY_BODY = YES;
				CLANG_WARN_ENUM_CONVERSION = YES;
				CLANG_WARN_INFINITE_RECURSION = YES;
				CLANG_WARN_INT_CONVERSION = YES;
				CLANG_WARN_NON_LITERAL_NULL_CONVERSION = YES;
				CLANG_WARN_OBJC_IMPLICIT_RETAIN_SELF = YES;
				CLANG_WARN_OBJC_LITERAL_CONVERSION = YES;
				CLANG_WARN_OBJC_ROOT_CLASS = YES_ERROR;
				CLANG_WARN_RANGE_LOOP_ANALYSIS = YES;
				CLANG_WARN_STRICT_PROTOTYPES = YES;
				CLANG_WARN_SUSPICIOUS_MOVE = YES;
				CLANG_WARN_UNGUARDED_AVAILABILITY = YES_AGGRESSIVE;
				CLANG_WARN_UNREACHABLE_CODE = YES;
				CLANG_WARN__DUPLICATE_METHOD_MATCH = YES;
				COPY_PHASE_STRIP = NO;
				DEBUG_INFORMATION_FORMAT = "dwarf-with-dsym";
				ENABLE_NS_ASSERTIONS = NO;
				ENABLE_STRICT_OBJC_MSGSEND = YES;
				GCC_C_LANGUAGE_STANDARD = gnu11;
				GCC_NO_COMMON_BLOCKS = YES;
				GCC_WARN_64_TO_32_BIT_CONVERSION = YES;
				GCC_WARN_ABOUT_RETURN_TYPE = YES_ERROR;
				GCC_WARN_UNDECLARED_SELECTOR = YES;
				GCC_WARN_UNINITIALIZED_AUTOS = YES_AGGRESSIVE;
				GCC_WARN_UNUSED_FUNCTION = YES;
				GCC_WARN_UNUSED_VARIABLE = YES;
				IPHONEOS_DEPLOYMENT_TARGET = 13.2;
				MTL_ENABLE_DEBUG_INFO = NO;
				MTL_FAST_MATH = YES;
				SDKROOT = iphoneos;
				SWIFT_COMPILATION_MODE = wholemodule;
				SWIFT_OPTIMIZATION_LEVEL = "-O";
				VALIDATE_PRODUCT = YES;
			};
			name = Release;
		};
		42BE25FD23F2E8030039A704 /* Debug */ = {
			isa = XCBuildConfiguration;
			buildSettings = {
				ASSETCATALOG_COMPILER_APPICON_NAME = AppIcon;
				CODE_SIGN_STYLE = Automatic;
				DEVELOPMENT_ASSET_PATHS = "\"SwiftUITrivia/Preview Content\"";
				ENABLE_PREVIEWS = YES;
				INFOPLIST_FILE = SwiftUITrivia/Info.plist;
				LD_RUNPATH_SEARCH_PATHS = (
					"$(inherited)",
					"@executable_path/Frameworks",
				);
				PRODUCT_BUNDLE_IDENTIFIER = Ivan.SwiftUITrivia;
				PRODUCT_NAME = "$(TARGET_NAME)";
				SWIFT_VERSION = 5.0;
				TARGETED_DEVICE_FAMILY = "1,2";
			};
			name = Debug;
		};
		42BE25FE23F2E8030039A704 /* Release */ = {
			isa = XCBuildConfiguration;
			buildSettings = {
				ASSETCATALOG_COMPILER_APPICON_NAME = AppIcon;
				CODE_SIGN_STYLE = Automatic;
				DEVELOPMENT_ASSET_PATHS = "\"SwiftUITrivia/Preview Content\"";
				ENABLE_PREVIEWS = YES;
				INFOPLIST_FILE = SwiftUITrivia/Info.plist;
				LD_RUNPATH_SEARCH_PATHS = (
					"$(inherited)",
					"@executable_path/Frameworks",
				);
				PRODUCT_BUNDLE_IDENTIFIER = Ivan.SwiftUITrivia;
				PRODUCT_NAME = "$(TARGET_NAME)";
				SWIFT_VERSION = 5.0;
				TARGETED_DEVICE_FAMILY = "1,2";
			};
			name = Release;
		};
		42BE260023F2E8030039A704 /* Debug */ = {
			isa = XCBuildConfiguration;
			buildSettings = {
				ALWAYS_EMBED_SWIFT_STANDARD_LIBRARIES = YES;
				BUNDLE_LOADER = "$(TEST_HOST)";
				CODE_SIGN_STYLE = Automatic;
				INFOPLIST_FILE = SwiftUITriviaTests/Info.plist;
				IPHONEOS_DEPLOYMENT_TARGET = 13.2;
				LD_RUNPATH_SEARCH_PATHS = (
					"$(inherited)",
					"@executable_path/Frameworks",
					"@loader_path/Frameworks",
				);
				PRODUCT_BUNDLE_IDENTIFIER = Ivan.SwiftUITriviaTests;
				PRODUCT_NAME = "$(TARGET_NAME)";
				SWIFT_VERSION = 5.0;
				TARGETED_DEVICE_FAMILY = "1,2";
				TEST_HOST = "$(BUILT_PRODUCTS_DIR)/SwiftUITrivia.app/SwiftUITrivia";
			};
			name = Debug;
		};
		42BE260123F2E8030039A704 /* Release */ = {
			isa = XCBuildConfiguration;
			buildSettings = {
				ALWAYS_EMBED_SWIFT_STANDARD_LIBRARIES = YES;
				BUNDLE_LOADER = "$(TEST_HOST)";
				CODE_SIGN_STYLE = Automatic;
				INFOPLIST_FILE = SwiftUITriviaTests/Info.plist;
				IPHONEOS_DEPLOYMENT_TARGET = 13.2;
				LD_RUNPATH_SEARCH_PATHS = (
					"$(inherited)",
					"@executable_path/Frameworks",
					"@loader_path/Frameworks",
				);
				PRODUCT_BUNDLE_IDENTIFIER = Ivan.SwiftUITriviaTests;
				PRODUCT_NAME = "$(TARGET_NAME)";
				SWIFT_VERSION = 5.0;
				TARGETED_DEVICE_FAMILY = "1,2";
				TEST_HOST = "$(BUILT_PRODUCTS_DIR)/SwiftUITrivia.app/SwiftUITrivia";
			};
			name = Release;
		};
		42BE260323F2E8030039A704 /* Debug */ = {
			isa = XCBuildConfiguration;
			buildSettings = {
				ALWAYS_EMBED_SWIFT_STANDARD_LIBRARIES = YES;
				CODE_SIGN_STYLE = Automatic;
				INFOPLIST_FILE = SwiftUITriviaUITests/Info.plist;
				LD_RUNPATH_SEARCH_PATHS = (
					"$(inherited)",
					"@executable_path/Frameworks",
					"@loader_path/Frameworks",
				);
				PRODUCT_BUNDLE_IDENTIFIER = Ivan.SwiftUITriviaUITests;
				PRODUCT_NAME = "$(TARGET_NAME)";
				SWIFT_VERSION = 5.0;
				TARGETED_DEVICE_FAMILY = "1,2";
				TEST_TARGET_NAME = SwiftUITrivia;
			};
			name = Debug;
		};
		42BE260423F2E8030039A704 /* Release */ = {
			isa = XCBuildConfiguration;
			buildSettings = {
				ALWAYS_EMBED_SWIFT_STANDARD_LIBRARIES = YES;
				CODE_SIGN_STYLE = Automatic;
				INFOPLIST_FILE = SwiftUITriviaUITests/Info.plist;
				LD_RUNPATH_SEARCH_PATHS = (
					"$(inherited)",
					"@executable_path/Frameworks",
					"@loader_path/Frameworks",
				);
				PRODUCT_BUNDLE_IDENTIFIER = Ivan.SwiftUITriviaUITests;
				PRODUCT_NAME = "$(TARGET_NAME)";
				SWIFT_VERSION = 5.0;
				TARGETED_DEVICE_FAMILY = "1,2";
				TEST_TARGET_NAME = SwiftUITrivia;
			};
			name = Release;
		};
/* End XCBuildConfiguration section */

/* Begin XCConfigurationList section */
		42BE25CD23F2E7FF0039A704 /* Build configuration list for PBXProject "SwiftUITrivia" */ = {
			isa = XCConfigurationList;
			buildConfigurations = (
				42BE25FA23F2E8030039A704 /* Debug */,
				42BE25FB23F2E8030039A704 /* Release */,
			);
			defaultConfigurationIsVisible = 0;
			defaultConfigurationName = Release;
		};
		42BE25FC23F2E8030039A704 /* Build configuration list for PBXNativeTarget "SwiftUITrivia" */ = {
			isa = XCConfigurationList;
			buildConfigurations = (
				42BE25FD23F2E8030039A704 /* Debug */,
				42BE25FE23F2E8030039A704 /* Release */,
			);
			defaultConfigurationIsVisible = 0;
			defaultConfigurationName = Release;
		};
		42BE25FF23F2E8030039A704 /* Build configuration list for PBXNativeTarget "SwiftUITriviaTests" */ = {
			isa = XCConfigurationList;
			buildConfigurations = (
				42BE260023F2E8030039A704 /* Debug */,
				42BE260123F2E8030039A704 /* Release */,
			);
			defaultConfigurationIsVisible = 0;
			defaultConfigurationName = Release;
		};
		42BE260223F2E8030039A704 /* Build configuration list for PBXNativeTarget "SwiftUITriviaUITests" */ = {
			isa = XCConfigurationList;
			buildConfigurations = (
				42BE260323F2E8030039A704 /* Debug */,
				42BE260423F2E8030039A704 /* Release */,
			);
			defaultConfigurationIsVisible = 0;
			defaultConfigurationName = Release;
		};
/* End XCConfigurationList section */
	};
	rootObject = 42BE25CA23F2E7FF0039A704 /* Project object */;
}
